<?xml version="1.0" encoding="utf-8"?>
<Project ToolsVersion="4.0" xmlns="http://schemas.microsoft.com/developer/msbuild/2003">
  <ItemGroup>
    <Filter Include="Source Files">
      <UniqueIdentifier>{4FC737F1-C7A5-4376-A066-2A32D752A2FF}</UniqueIdentifier>
      <Extensions>cpp;c;cc;cxx;def;odl;idl;hpj;bat;asm;asmx</Extensions>
    </Filter>
    <Filter Include="Header Files">
      <UniqueIdentifier>{93995380-89BD-4b04-88EB-625FBE52EBFB}</UniqueIdentifier>
      <Extensions>h;hh;hpp;hxx;hm;inl;inc;xsd</Extensions>
    </Filter>
    <Filter Include="Resource Files">
      <UniqueIdentifier>{67DA6AB6-F800-4c08-8B7A-83BB121AAD01}</UniqueIdentifier>
      <Extensions>rc;ico;cur;bmp;dlg;rc2;rct;bin;rgs;gif;jpg;jpeg;jpe;resx;tiff;tif;png;wav</Extensions>
    </Filter>
  </ItemGroup>
  <ItemGroup>
    <ClCompile Include="Attribute.cpp">
      <Filter>Source Files</Filter>
    </ClCompile>
    <ClCompile Include="Embr.cpp">
      <Filter>Source Files</Filter>
    </ClCompile>
    <ClCompile Include="EmbrEntry.cpp">
      <Filter>Source Files</Filter>
    </ClCompile>
    <ClCompile Include="ExFat.cpp">
      <Filter>Source Files</Filter>
    </ClCompile>
    <ClCompile Include="ExFatEntry.cpp">
      <Filter>Source Files</Filter>
    </ClCompile>
    <ClCompile Include="ExFatUCase.cpp">
      <Filter>Source Files</Filter>
    </ClCompile>
    <ClCompile Include="Ext2.cpp">
      <Filter>Source Files</Filter>
    </ClCompile>
    <ClCompile Include="Ext2Dyn.cpp">
      <Filter>Source Files</Filter>
    </ClCompile>
    <ClCompile Include="Ext2Entry.cpp">
      <Filter>Source Files</Filter>
    </ClCompile>
    <ClCompile Include="Ext2Grp.cpp">
      <Filter>Source Files</Filter>
    </ClCompile>
    <ClCompile Include="Fat.cpp">
      <Filter>Source Files</Filter>
    </ClCompile>
    <ClCompile Include="Fat32Entry.cpp">
      <Filter>Source Files</Filter>
    </ClCompile>
    <ClCompile Include="Fat32Info.cpp">
      <Filter>Source Files</Filter>
    </ClCompile>
    <ClCompile Include="FatCheck.cpp">
      <Filter>Source Files</Filter>
    </ClCompile>
    <ClCompile Include="FatCList.cpp">
      <Filter>Source Files</Filter>
    </ClCompile>
    <ClCompile Include="FatEntry.cpp">
      <Filter>Source Files</Filter>
    </ClCompile>
    <ClCompile Include="FatFormat.cpp">
      <Filter>Source Files</Filter>
    </ClCompile>
    <ClCompile Include="fsz.cpp">
      <Filter>Source Files</Filter>
    </ClCompile>
    <ClCompile Include="FYSFS.cpp">
      <Filter>Source Files</Filter>
    </ClCompile>
    <ClCompile Include="FYSFSEntry.cpp">
      <Filter>Source Files</Filter>
    </ClCompile>
    <ClCompile Include="FYSFSFormat.cpp">
      <Filter>Source Files</Filter>
    </ClCompile>
    <ClCompile Include="FYSOSSig.cpp">
      <Filter>Source Files</Filter>
    </ClCompile>
    <ClCompile Include="GetImage.cpp">
      <Filter>Source Files</Filter>
    </ClCompile>
    <ClCompile Include="Gpt.cpp">
      <Filter>Source Files</Filter>
    </ClCompile>
    <ClCompile Include="GptEntry.cpp">
      <Filter>Source Files</Filter>
    </ClCompile>
    <ClCompile Include="GPT_GUID_Type.cpp">
      <Filter>Source Files</Filter>
    </ClCompile>
    <ClCompile Include="ImageBar.cpp">
      <Filter>Source Files</Filter>
    </ClCompile>
    <ClCompile Include="InsertVName.cpp">
      <Filter>Source Files</Filter>
    </ClCompile>
    <ClCompile Include="ISOBEA.cpp">
      <Filter>Source Files</Filter>
    </ClCompile>
    <ClCompile Include="ISOBoot.cpp">
      <Filter>Source Files</Filter>
    </ClCompile>
    <ClCompile Include="ISOEntry.cpp">
      <Filter>Source Files</Filter>
    </ClCompile>
    <ClCompile Include="ISOImage.cpp">
      <Filter>Source Files</Filter>
    </ClCompile>
    <ClCompile Include="ISONSR.cpp">
      <Filter>Source Files</Filter>
    </ClCompile>
    <ClCompile Include="ISOPrimary.cpp">
      <Filter>Source Files</Filter>
    </ClCompile>
    <ClCompile Include="ISOSupple.cpp">
      <Filter>Source Files</Filter>
    </ClCompile>
    <ClCompile Include="ISOTime.cpp">
      <Filter>Source Files</Filter>
    </ClCompile>
    <ClCompile Include="Lean.cpp">
      <Filter>Source Files</Filter>
    </ClCompile>
    <ClCompile Include="LeanCheck.cpp">
      <Filter>Source Files</Filter>
    </ClCompile>
    <ClCompile Include="LeanEAs.cpp">
      <Filter>Source Files</Filter>
    </ClCompile>
    <ClCompile Include="LeanEntry.cpp">
      <Filter>Source Files</Filter>
    </ClCompile>
    <ClCompile Include="LeanFormat.cpp">
      <Filter>Source Files</Filter>
    </ClCompile>
    <ClCompile Include="LeanJournal.cpp">
      <Filter>Source Files</Filter>
    </ClCompile>
    <ClCompile Include="LeanTime.cpp">
      <Filter>Source Files</Filter>
    </ClCompile>
    <ClCompile Include="Mbr.cpp">
      <Filter>Source Files</Filter>
    </ClCompile>
    <ClCompile Include="MbrEntry.cpp">
      <Filter>Source Files</Filter>
    </ClCompile>
    <ClCompile Include="Modeless.cpp">
      <Filter>Source Files</Filter>
    </ClCompile>
    <ClCompile Include="MyImageList.cpp">
      <Filter>Source Files</Filter>
    </ClCompile>
    <ClCompile Include="MyStatic.cpp">
      <Filter>Source Files</Filter>
    </ClCompile>
    <ClCompile Include="MyTreeCtrl.cpp">
      <Filter>Source Files</Filter>
    </ClCompile>
    <ClCompile Include="NewImage.cpp">
      <Filter>Source Files</Filter>
    </ClCompile>
    <ClCompile Include="NewPart.cpp">
      <Filter>Source Files</Filter>
    </ClCompile>
    <ClCompile Include="NTFS.cpp">
      <Filter>Source Files</Filter>
    </ClCompile>
    <ClCompile Include="NTFSEntry.cpp">
      <Filter>Source Files</Filter>
    </ClCompile>
    <ClCompile Include="OurFind.cpp">
      <Filter>Source Files</Filter>
    </ClCompile>
    <ClCompile Include="pch.cpp">
      <Filter>Source Files</Filter>
    </ClCompile>
    <ClCompile Include="Settings.cpp">
      <Filter>Source Files</Filter>
    </ClCompile>
    <ClCompile Include="SFS.cpp">
      <Filter>Source Files</Filter>
    </ClCompile>
    <ClCompile Include="SFSEntry.cpp">
      <Filter>Source Files</Filter>
    </ClCompile>
    <ClCompile Include="SFSFormat.cpp">
      <Filter>Source Files</Filter>
    </ClCompile>
    <ClCompile Include="StdAfx.cpp">
      <Filter>Source Files</Filter>
    </ClCompile>
    <ClCompile Include="UDF_Tag.cpp">
      <Filter>Source Files</Filter>
    </ClCompile>
    <ClCompile Include="UltimageResize.cpp">
      <Filter>Source Files</Filter>
    </ClCompile>
    <ClCompile Include="ultimate.cpp">
      <Filter>Source Files</Filter>
    </ClCompile>
    <ClCompile Include="ultimateDlg.cpp">
      <Filter>Source Files</Filter>
    </ClCompile>
    <ClCompile Include="Unknown.cpp">
      <Filter>Source Files</Filter>
    </ClCompile>
    <ClCompile Include="VDI.cpp">
      <Filter>Source Files</Filter>
    </ClCompile>
    <ClCompile Include="VHD.cpp">
      <Filter>Source Files</Filter>
    </ClCompile>
    <ClCompile Include="ViewBitmap.cpp">
      <Filter>Source Files</Filter>
    </ClCompile>
  </ItemGroup>
  <ItemGroup>
    <ClInclude Include="Attribute.h">
      <Filter>Header Files</Filter>
    </ClInclude>
    <ClInclude Include="Embr.h">
      <Filter>Header Files</Filter>
    </ClInclude>
    <ClInclude Include="EmbrEntry.h">
      <Filter>Header Files</Filter>
    </ClInclude>
    <ClInclude Include="ExFat.h">
      <Filter>Header Files</Filter>
    </ClInclude>
    <ClInclude Include="ExFatEntry.h">
      <Filter>Header Files</Filter>
    </ClInclude>
    <ClInclude Include="ExFatUCase.h">
      <Filter>Header Files</Filter>
    </ClInclude>
    <ClInclude Include="ExFatUcaseTab.h">
      <Filter>Header Files</Filter>
    </ClInclude>
    <ClInclude Include="Ext2.h">
      <Filter>Header Files</Filter>
    </ClInclude>
    <ClInclude Include="Ext2Dyn.h">
      <Filter>Header Files</Filter>
    </ClInclude>
    <ClInclude Include="Ext2Entry.h">
      <Filter>Header Files</Filter>
    </ClInclude>
    <ClInclude Include="Ext2Grp.h">
      <Filter>Header Files</Filter>
    </ClInclude>
    <ClInclude Include="fat.h">
      <Filter>Header Files</Filter>
    </ClInclude>
    <ClInclude Include="Fat32Entry.h">
      <Filter>Header Files</Filter>
    </ClInclude>
    <ClInclude Include="Fat32Info.h">
      <Filter>Header Files</Filter>
    </ClInclude>
    <ClInclude Include="FatCList.h">
      <Filter>Header Files</Filter>
    </ClInclude>
    <ClInclude Include="FatEntry.h">
      <Filter>Header Files</Filter>
    </ClInclude>
    <ClInclude Include="FatFormat.h">
      <Filter>Header Files</Filter>
    </ClInclude>
    <ClInclude Include="framework.h">
      <Filter>Header Files</Filter>
    </ClInclude>
    <ClInclude Include="fsz.h">
      <Filter>Header Files</Filter>
    </ClInclude>
    <ClInclude Include="FYSFS.h">
      <Filter>Header Files</Filter>
    </ClInclude>
    <ClInclude Include="FYSFSEntry.h">
      <Filter>Header Files</Filter>
    </ClInclude>
    <ClInclude Include="FYSFSFormat.h">
      <Filter>Header Files</Filter>
    </ClInclude>
    <ClInclude Include="FYSOSSig.h">
      <Filter>Header Files</Filter>
    </ClInclude>
    <ClInclude Include="GetImage.h">
      <Filter>Header Files</Filter>
    </ClInclude>
    <ClInclude Include="Gpt.h">
      <Filter>Header Files</Filter>
    </ClInclude>
    <ClInclude Include="GptEntry.h">
      <Filter>Header Files</Filter>
    </ClInclude>
    <ClInclude Include="GPT_GUID_Type.h">
      <Filter>Header Files</Filter>
    </ClInclude>
    <ClInclude Include="ImageBar.h">
      <Filter>Header Files</Filter>
    </ClInclude>
    <ClInclude Include="InsertVName.h">
      <Filter>Header Files</Filter>
    </ClInclude>
    <ClInclude Include="ISOBEA.h">
      <Filter>Header Files</Filter>
    </ClInclude>
    <ClInclude Include="ISOBoot.h">
      <Filter>Header Files</Filter>
    </ClInclude>
    <ClInclude Include="ISOEntry.h">
      <Filter>Header Files</Filter>
    </ClInclude>
    <ClInclude Include="ISOImage.h">
      <Filter>Header Files</Filter>
    </ClInclude>
    <ClInclude Include="ISONSR.h">
      <Filter>Header Files</Filter>
    </ClInclude>
    <ClInclude Include="ISOPrimary.h">
      <Filter>Header Files</Filter>
    </ClInclude>
    <ClInclude Include="ISOSupple.h">
      <Filter>Header Files</Filter>
    </ClInclude>
    <ClInclude Include="ISOTime.h">
      <Filter>Header Files</Filter>
    </ClInclude>
    <ClInclude Include="Lean.h">
      <Filter>Header Files</Filter>
    </ClInclude>
    <ClInclude Include="LeanEAs.h">
      <Filter>Header Files</Filter>
    </ClInclude>
    <ClInclude Include="LeanEntry.h">
      <Filter>Header Files</Filter>
    </ClInclude>
    <ClInclude Include="LeanFormat.h">
      <Filter>Header Files</Filter>
    </ClInclude>
    <ClInclude Include="LeanJournal.h">
      <Filter>Header Files</Filter>
    </ClInclude>
    <ClInclude Include="LeanTime.h">
      <Filter>Header Files</Filter>
    </ClInclude>
    <ClInclude Include="Mbr.h">
      <Filter>Header Files</Filter>
    </ClInclude>
    <ClInclude Include="MbrEntry.h">
      <Filter>Header Files</Filter>
    </ClInclude>
    <ClInclude Include="Modeless.h">
      <Filter>Header Files</Filter>
    </ClInclude>
    <ClInclude Include="MyImageList.h">
      <Filter>Header Files</Filter>
    </ClInclude>
    <ClInclude Include="MyStatic.h">
      <Filter>Header Files</Filter>
    </ClInclude>
    <ClInclude Include="MyTreeCtrl.h">
      <Filter>Header Files</Filter>
    </ClInclude>
    <ClInclude Include="NewImage.h">
      <Filter>Header Files</Filter>
    </ClInclude>
    <ClInclude Include="NewPart.h">
      <Filter>Header Files</Filter>
    </ClInclude>
    <ClInclude Include="ntddcdrm.h">
      <Filter>Header Files</Filter>
    </ClInclude>
    <ClInclude Include="ntddstor.h">
      <Filter>Header Files</Filter>
    </ClInclude>
    <ClInclude Include="NTFS.h">
      <Filter>Header Files</Filter>
    </ClInclude>
    <ClInclude Include="NTFSEntry.h">
      <Filter>Header Files</Filter>
    </ClInclude>
    <ClInclude Include="OurFind.h">
      <Filter>Header Files</Filter>
    </ClInclude>
    <ClInclude Include="pch.h">
      <Filter>Header Files</Filter>
    </ClInclude>
    <ClInclude Include="resource.h">
      <Filter>Header Files</Filter>
    </ClInclude>
    <ClInclude Include="Settings.h">
      <Filter>Header Files</Filter>
    </ClInclude>
    <ClInclude Include="SFS.h">
      <Filter>Header Files</Filter>
    </ClInclude>
    <ClInclude Include="SFSEntry.h">
      <Filter>Header Files</Filter>
    </ClInclude>
    <ClInclude Include="SFSFormat.h">
      <Filter>Header Files</Filter>
    </ClInclude>
    <ClInclude Include="StdAfx.h">
      <Filter>Header Files</Filter>
    </ClInclude>
    <ClInclude Include="targetver.h">
      <Filter>Header Files</Filter>
    </ClInclude>
    <ClInclude Include="UDF_Tag.h">
      <Filter>Header Files</Filter>
    </ClInclude>
    <ClInclude Include="UltimageResize.h">
      <Filter>Header Files</Filter>
    </ClInclude>
    <ClInclude Include="ultimate.h">
      <Filter>Header Files</Filter>
    </ClInclude>
    <ClInclude Include="ultimateDlg.h">
      <Filter>Header Files</Filter>
    </ClInclude>
    <ClInclude Include="Unknown.h">
      <Filter>Header Files</Filter>
    </ClInclude>
    <ClInclude Include="VDI.h">
      <Filter>Header Files</Filter>
    </ClInclude>
    <ClInclude Include="VHD.h">
      <Filter>Header Files</Filter>
    </ClInclude>
    <ClInclude Include="ViewBitmap.h">
      <Filter>Header Files</Filter>
    </ClInclude>
  </ItemGroup>
  <ItemGroup>
    <None Include="resource.hm">
      <Filter>Header Files</Filter>
    </None>
    <None Include="res\ultimate.rc2">
      <Filter>Resource Files</Filter>
    </None>
  </ItemGroup>
  <ItemGroup>
    <ResourceCompile Include="ultimate.rc">
      <Filter>Resource Files</Filter>
    </ResourceCompile>
  </ItemGroup>
</Project>