<?xml version="1.0" encoding="UTF-8" standalone="yes" ?>
<CodeBlocks_project_file>
	<FileVersion major="1" minor="6" />
	<Project>
		<Option title="dumpimg" />
		<Option pch_mode="2" />
		<Option compiler="gcc" />
		<Build>
			<Target title="Debug">
				<Option output="bin/Debug/dumpimg" prefix_auto="1" extension_auto="1" />
				<Option object_output="obj/Debug/" />
				<Option type="1" />
				<Option compiler="gcc" />
				<Compiler>
					<Add option="-w" />
					<Add option="-std=gnu++11" />
					<Add option="-std=c11" />
					<Add option="-m32" />
					<Add option="-g" />
				</Compiler>
				<Linker>
					<Add option="-static-libstdc++" />
					<Add option="-static-libgcc" />
					<Add option="-static" />
					<Add option="-m32" />
				</Linker>
			</Target>
			<Target title="Release">
				<Option output="bin/Release/dumpimg" prefix_auto="1" extension_auto="1" />
				<Option object_output="obj/Release/" />
				<Option type="1" />
				<Option compiler="gcc" />
				<Compiler>
					<Add option="-O3" />
					<Add option="-w" />
					<Add option="-std=gnu++11" />
					<Add option="-std=c11" />
					<Add option="-m32" />
				</Compiler>
				<Linker>
					<Add option="-s" />
					<Add option="-static-libstdc++" />
					<Add option="-static-libgcc" />
					<Add option="-static" />
					<Add option="-m32" />
				</Linker>
			</Target>
		</Build>
		<VirtualTargets>
			<Add alias="all" targets="Debug;Release;" />
		</VirtualTargets>
		<Compiler>
			<Add option="-Wall" />
			<Add option="-fexceptions" />
		</Compiler>
		<Unit filename="src/FATFileSystem.h" />
		<Unit filename="src/FatData.h" />
		<Unit filename="src/fat.h" />
		<Unit filename="src/fat12.cpp" />
		<Unit filename="src/fat12.h" />
		<Unit filename="src/fat16.cpp" />
		<Unit filename="src/fat16.h" />
		<Unit filename="src/fat32.cpp" />
		<Unit filename="src/fat32.h" />
		<Unit filename="src/file.cpp" />
		<Unit filename="src/file.h" />
		<Unit filename="src/filesystem.cpp" />
		<Unit filename="src/filesystem.h" />
		<Unit filename="src/main.cpp" />
		<Unit filename="src/types.h" />
		<Extensions>
			<lib_finder disable_auto="1" />
		</Extensions>
	</Project>
</CodeBlocks_project_file>
